
Microsoft Visual Studio Solution File, Format Version 12.00
# Visual Studio 2013
VisualStudioVersion = 12.0.21005.1
MinimumVisualStudioVersion = 10.0.40219.1
Project("{FAE04EC0-301F-11D3-BF4B-00C04F79EFBC}") = "hospital", "hospital\hospital.csproj", "{5F6D8689-FB06-4A30-961D-D3FDEEEFD893}"
EndProject
Project("{FAE04EC0-301F-11D3-BF4B-00C04F79EFBC}") = "BLL", "BLL\BLL.csproj", "{E0BAD2CD-ABB3-4106-A2C6-CEE927E986B0}"
EndProject
Project("{FAE04EC0-301F-11D3-BF4B-00C04F79EFBC}") = "DAL", "DAL\DAL.csproj", "{364C3DAD-F922-484E-BDE0-E821DEA51167}"
EndProject
Project("{FAE04EC0-301F-11D3-BF4B-00C04F79EFBC}") = "Model", "Model\Model.csproj", "{58104B3A-B69A-4F95-A808-8E1B857AF3E1}"
EndProject
Project("{FAE04EC0-301F-11D3-BF4B-00C04F79EFBC}") = "JPush", "JPush\JPush.csproj", "{4DEF5D35-8BE5-48B9-80C0-01A9920D861B}"
EndProject
Global
	GlobalSection(SolutionConfigurationPlatforms) = preSolution
		Debug|Any CPU = Debug|Any CPU
		Release|Any CPU = Release|Any CPU
	EndGlobalSection
	GlobalSection(ProjectConfigurationPlatforms) = postSolution
		{5F6D8689-FB06-4A30-961D-D3FDEEEFD893}.Debug|Any CPU.ActiveCfg = Debug|Any CPU
		{5F6D8689-FB06-4A30-961D-D3FDEEEFD893}.Debug|Any CPU.Build.0 = Debug|Any CPU
		{5F6D8689-FB06-4A30-961D-D3FDEEEFD893}.Release|Any CPU.ActiveCfg = Release|Any CPU
		{5F6D8689-FB06-4A30-961D-D3FDEEEFD893}.Release|Any CPU.Build.0 = Release|Any CPU
		{E0BAD2CD-ABB3-4106-A2C6-CEE927E986B0}.Debug|Any CPU.ActiveCfg = Debug|Any CPU
		{E0BAD2CD-ABB3-4106-A2C6-CEE927E986B0}.Debug|Any CPU.Build.0 = Debug|Any CPU
		{E0BAD2CD-ABB3-4106-A2C6-CEE927E986B0}.Release|Any CPU.ActiveCfg = Release|Any CPU
		{E0BAD2CD-ABB3-4106-A2C6-CEE927E986B0}.Release|Any CPU.Build.0 = Release|Any CPU
		{364C3DAD-F922-484E-BDE0-E821DEA51167}.Debug|Any CPU.ActiveCfg = Debug|Any CPU
		{364C3DAD-F922-484E-BDE0-E821DEA51167}.Debug|Any CPU.Build.0 = Debug|Any CPU
		{364C3DAD-F922-484E-BDE0-E821DEA51167}.Release|Any CPU.ActiveCfg = Release|Any CPU
		{364C3DAD-F922-484E-BDE0-E821DEA51167}.Release|Any CPU.Build.0 = Release|Any CPU
		{58104B3A-B69A-4F95-A808-8E1B857AF3E1}.Debug|Any CPU.ActiveCfg = Debug|Any CPU
		{58104B3A-B69A-4F95-A808-8E1B857AF3E1}.Debug|Any CPU.Build.0 = Debug|Any CPU
		{58104B3A-B69A-4F95-A808-8E1B857AF3E1}.Release|Any CPU.ActiveCfg = Release|Any CPU
		{58104B3A-B69A-4F95-A808-8E1B857AF3E1}.Release|Any CPU.Build.0 = Release|Any CPU
		{4DEF5D35-8BE5-48B9-80C0-01A9920D861B}.Debug|Any CPU.ActiveCfg = Debug|Any CPU
		{4DEF5D35-8BE5-48B9-80C0-01A9920D861B}.Debug|Any CPU.Build.0 = Debug|Any CPU
		{4DEF5D35-8BE5-48B9-80C0-01A9920D861B}.Release|Any CPU.ActiveCfg = Release|Any CPU
		{4DEF5D35-8BE5-48B9-80C0-01A9920D861B}.Release|Any CPU.Build.0 = Release|Any CPU
	EndGlobalSection
	GlobalSection(SolutionProperties) = preSolution
		HideSolutionNode = FALSE
	EndGlobalSection
EndGlobal
